schema: '2.0'
stages:
  save_raw_data:
    cmd: python src/save_raw_data/save_raw_data.py
    deps:
    - path: dataset/source/dataset_source.csv
      md5: 342ea6caf4daa589817ccef0c7142f57
      size: 69229
    - path: src/get_parameters/get_parameters.py
      md5: 32f1461734a131ec933dc5421744e8d5
      size: 402
    - path: src/save_raw_data/save_raw_data.py
      md5: 95315a2ed63a96ea4b8bfb9d53274681
      size: 467
    outs:
    - path: dataset/raw/dataset_raw.csv
      md5: 342ea6caf4daa589817ccef0c7142f57
      size: 69229
  clean_data:
    cmd: python src/preprocessing/clean_data/clean_data.py
    deps:
    - path: dataset/raw/dataset_raw.csv
      md5: c153507e15ee827f40edefedb820e12c
      size: 69232
    - path: src/get_parameters/get_parameters.py
      md5: 32f1461734a131ec933dc5421744e8d5
      size: 402
    - path: src/preprocessing/clean_data/clean_data.py
      md5: bed2426900535c609a8af4df0c4517d6
      size: 1725
    outs:
    - path: dataset/processed/basic_cleaning/dataset_no_punctuations.csv
      md5: 2c895b3e8e8643e453bcb4d716eb6508
      size: 107106
    - path: dataset/processed/basic_cleaning/dataset_no_stop_words.csv
      md5: c670ab0f89b988b78bef514a66a92ced
      size: 209974
    - path: dataset/processed/basic_cleaning/dataset_tokenised.csv
      md5: a0de84a42492a8f89991a7bf71949a33
      size: 166180
  perform_stemming_lemmatization:
    cmd: python src/preprocessing/perform_stemming_lemmatization/perform_stemming_lemmatization.py
    deps:
    - path: dataset/raw/dataset_raw.csv
      md5: 342ea6caf4daa589817ccef0c7142f57
      size: 69229
    - path: src/get_parameters/get_parameters.py
      md5: 32f1461734a131ec933dc5421744e8d5
      size: 402
    - path: src/preprocessing/perform_stemming_lemmatization/perform_stemming_lemmatization.py
      md5: f50002b19e4bc50486351067e5217411
      size: 1654
    outs:
    - path: dataset/processed/stemmed_lemmatised/dataset_lemmatised.csv
      md5: e1dccebdb746acfa7cbb4692f5d52884
      size: 198078
    - path: dataset/processed/stemmed_lemmatised/dataset_stemmed.csv
      md5: 323464cb10ab3ea3f9aacebae5c9107e
      size: 154621
  text_vectorization:
    cmd: python src/preprocessing/text_vectorization/text_vectorization.py
    deps:
    - path: dataset/raw/dataset_raw.csv
      md5: 342ea6caf4daa589817ccef0c7142f57
      size: 69229
    - path: src/get_parameters/get_parameters.py
      md5: 32f1461734a131ec933dc5421744e8d5
      size: 402
    - path: src/preprocessing/text_vectorization/text_vectorization.py
      md5: c007c54c94958dedd1d285380049f270
      size: 2812
    outs:
    - path: dataset/processed/vectorized/dataset_count_vectorized.csv
      md5: 71be4e99b4d8147e7771f716c63e4d30
      size: 2575326
    - path: dataset/processed/vectorized/dataset_ngram_count_vectorized.csv
      md5: 85863dfef02a03ce26f7d178517a5668
      size: 5212694
    - path: dataset/processed/vectorized/dataset_tfidf_vectorised.csv
      md5: b2fa4d86885957cee0ce9c53136f8259
      size: 4625625
  create_features:
    cmd: python src/preprocessing/create_features/create_features.py
    deps:
    - path: dataset/processed/stemmed_lemmatised/dataset_lemmatised.csv
      md5: e1dccebdb746acfa7cbb4692f5d52884
      size: 198078
    - path: src/get_parameters/get_parameters.py
      md5: 32f1461734a131ec933dc5421744e8d5
      size: 402
    - path: src/preprocessing/create_features/create_features.py
      md5: df491e1538bb8db0b19beb89205e0220
      size: 1234
    outs:
    - path: dataset/processed/new_features_added/dataset_with_new_features.csv
      md5: d09c3000dba8819e571d02c1a02dd777
      size: 208034
  feature_analysis:
    cmd: python src/eda/feature_analysis.py
    deps:
    - path: dataset/processed/new_features_added/dataset_with_new_features.csv
      md5: d09c3000dba8819e571d02c1a02dd777
      size: 208034
    - path: src/eda/feature_analysis.py
      md5: 89b652ad5a681f5a98ad30f3d2bcb6d2
      size: 2395
    - path: src/get_parameters/get_parameters.py
      md5: 32f1461734a131ec933dc5421744e8d5
      size: 402
    outs:
    - path: artifacts/eda-artifacts/histograms/message_length_analysis.png
      md5: 440849ecc9803decb327b1013dddc05f
      size: 10085
    - path: artifacts/eda-artifacts/histograms/message_length_logarithmic_analysis.png
      md5: e9cc91b005e37318dd34851385609789
      size: 15125
    - path: artifacts/eda-artifacts/histograms/punctuation_percent_analysis.png
      md5: 845fd4cc58368ddbcfcef14f8f7ba773
      size: 18118
  create_word_cloud:
    cmd: python src/eda/create_word_cloud.py
    deps:
    - path: dataset/processed/new_features_added/dataset_with_new_features.csv
      md5: 1bbda9ef0056fbfa81e4b8f212fd4e7e
      size: 79188
    - path: src/eda/create_word_cloud.py
      md5: c60155cb262add525bf8d6b22d884bab
      size: 1291
    - path: src/get_parameters/get_parameters.py
      md5: 32f1461734a131ec933dc5421744e8d5
      size: 402
    outs:
    - path: artifacts/eda-artifacts/word_cloud/word_cloud_good.png
      md5: 9537a276c3936fd801ea2c36978d22c5
      size: 325165
  train_and_evaluate:
    cmd: python src/train_and_evaluate/train_and_evaluate.py
    deps:
    - path: dataset/processed/new_features_added/dataset_with_new_features.csv
      md5: d09c3000dba8819e571d02c1a02dd777
      size: 208034
    - path: src/get_parameters/get_parameters.py
      md5: 32f1461734a131ec933dc5421744e8d5
      size: 402
    - path: src/train_and_evaluate/train_and_evaluate.py
      md5: c59787cbb5a1829800d8d1bd1b987da6
      size: 2289
    outs:
    - path: artifacts/model-artifacts/confusion_matrix_analysis.png
      md5: a17b7ae50ab82f305b21af66f721517c
      size: 11914
