schema: '2.0'
stages:
  save_raw_data:
    cmd: python src/save_raw_data/save_raw_data.py
    deps:
    - path: dataset/source/dataset_source.csv
      md5: 1f5dc1a7bc3df48853a09948db93e939
      size: 69419
    - path: src/get_parameters/get_parameters.py
      md5: 32f1461734a131ec933dc5421744e8d5
      size: 402
    - path: src/save_raw_data/save_raw_data.py
      md5: 95315a2ed63a96ea4b8bfb9d53274681
      size: 467
    outs:
    - path: dataset/raw/dataset_raw.csv
      md5: 1f5dc1a7bc3df48853a09948db93e939
      size: 69419
  clean_data:
    cmd: python src/preprocessing/clean_data/clean_data.py
    deps:
    - path: dataset/raw/dataset_raw.csv
      md5: 1f5dc1a7bc3df48853a09948db93e939
      size: 69419
    - path: src/get_parameters/get_parameters.py
      md5: 32f1461734a131ec933dc5421744e8d5
      size: 402
    - path: src/preprocessing/clean_data/clean_data.py
      md5: bed2426900535c609a8af4df0c4517d6
      size: 1725
    outs:
    - path: dataset/processed/basic_cleaning/dataset_no_punctuations.csv
      md5: c0b3e41cdfde75b3471cf874c745bbea
      size: 107427
    - path: dataset/processed/basic_cleaning/dataset_no_stop_words.csv
      md5: 647d8ba2edd6f25b79e18aaf71ee87b3
      size: 210652
    - path: dataset/processed/basic_cleaning/dataset_tokenised.csv
      md5: ceccd5bb7fe2d09958cb4bb3300801c7
      size: 166704
  perform_stemming_lemmatization:
    cmd: python src/preprocessing/perform_stemming_lemmatization/perform_stemming_lemmatization.py
    deps:
    - path: dataset/raw/dataset_raw.csv
      md5: 1f5dc1a7bc3df48853a09948db93e939
      size: 69419
    - path: src/get_parameters/get_parameters.py
      md5: 32f1461734a131ec933dc5421744e8d5
      size: 402
    - path: src/preprocessing/perform_stemming_lemmatization/perform_stemming_lemmatization.py
      md5: f50002b19e4bc50486351067e5217411
      size: 1654
    outs:
    - path: dataset/processed/stemmed_lemmatised/dataset_lemmatised.csv
      md5: 648f86d77a0ebdd4b07c42b4d8457cd7
      size: 198714
    - path: dataset/processed/stemmed_lemmatised/dataset_stemmed.csv
      md5: e3c2124ad8223b8770f1d14a4c173c48
      size: 155106
  text_vectorization:
    cmd: python src/preprocessing/text_vectorization/text_vectorization.py
    deps:
    - path: dataset/raw/dataset_raw.csv
      md5: 1f5dc1a7bc3df48853a09948db93e939
      size: 69419
    - path: src/get_parameters/get_parameters.py
      md5: 32f1461734a131ec933dc5421744e8d5
      size: 402
    - path: src/preprocessing/text_vectorization/text_vectorization.py
      md5: c007c54c94958dedd1d285380049f270
      size: 2812
    outs:
    - path: dataset/processed/vectorized/dataset_count_vectorized.csv
      md5: 778ac274301504d37702e878f4c1ff20
      size: 2589515
    - path: dataset/processed/vectorized/dataset_ngram_count_vectorized.csv
      md5: fcb48addab1282350c968702965a5fd4
      size: 5244263
    - path: dataset/processed/vectorized/dataset_tfidf_vectorised.csv
      md5: 197f9532c96cf41a6ea373986082fa20
      size: 4651031
  create_features:
    cmd: python src/preprocessing/create_features/create_features.py
    deps:
    - path: dataset/processed/stemmed_lemmatised/dataset_lemmatised.csv
      md5: 648f86d77a0ebdd4b07c42b4d8457cd7
      size: 198714
    - path: src/get_parameters/get_parameters.py
      md5: 32f1461734a131ec933dc5421744e8d5
      size: 402
    - path: src/preprocessing/create_features/create_features.py
      md5: df491e1538bb8db0b19beb89205e0220
      size: 1234
    outs:
    - path: dataset/processed/new_features_added/dataset_with_new_features.csv
      md5: 8c194cced5668a8707502205ecdb9e8b
      size: 208693
  feature_analysis:
    cmd: python src/eda/feature_analysis.py
    deps:
    - path: dataset/processed/new_features_added/dataset_with_new_features.csv
      md5: 8c194cced5668a8707502205ecdb9e8b
      size: 208693
    - path: src/eda/feature_analysis.py
      md5: 89b652ad5a681f5a98ad30f3d2bcb6d2
      size: 2395
    - path: src/get_parameters/get_parameters.py
      md5: 32f1461734a131ec933dc5421744e8d5
      size: 402
    outs:
    - path: artifacts/eda-artifacts/histograms/message_length_analysis.png
      md5: 440849ecc9803decb327b1013dddc05f
      size: 10085
    - path: artifacts/eda-artifacts/histograms/message_length_logarithmic_analysis.png
      md5: 3a6fef06dc3eaf24e79e242b3ae88edc
      size: 15124
    - path: artifacts/eda-artifacts/histograms/punctuation_percent_analysis.png
      md5: 4c07cdad509eafdbea1f5a7af32f91f3
      size: 18068
  create_word_cloud:
    cmd: python src/eda/create_word_cloud.py
    deps:
    - path: dataset/processed/new_features_added/dataset_with_new_features.csv
      md5: 8c194cced5668a8707502205ecdb9e8b
      size: 208693
    - path: src/eda/create_word_cloud.py
      md5: 4648a61e0dd232d2b97679b8331835b8
      size: 1288
    - path: src/get_parameters/get_parameters.py
      md5: 32f1461734a131ec933dc5421744e8d5
      size: 402
    outs:
    - path: artifacts/eda-artifacts/word_cloud/word_cloud_good.png
      md5: de75cac1a9ebe432eb31e15edf43ca2b
      size: 352044
  train_and_evaluate:
    cmd: python src/train_and_evaluate/train_and_evaluate.py
    deps:
    - path: dataset/processed/new_features_added/dataset_with_new_features.csv
      md5: 8c194cced5668a8707502205ecdb9e8b
      size: 208693
    - path: src/get_parameters/get_parameters.py
      md5: 32f1461734a131ec933dc5421744e8d5
      size: 402
    - path: src/train_and_evaluate/train_and_evaluate.py
      md5: 82939a0e9d44fe875acca138abdce8f3
      size: 1670
    outs:
    - path: artifacts/model-artifacts/confusion_matrix_analysis.png
      md5: 9344013025ed6b90365ab8a4276a1e0a
      size: 12064
